
Microsoft Visual Studio Solution File, Format Version 12.00
# Visual Studio 15
VisualStudioVersion = 15.0.27703.2035
MinimumVisualStudioVersion = 10.0.40219.1
Project("{9A19103F-16F7-4668-BE54-9A1E7A4F7556}") = "Test", "Test\Test.csproj", "{9DABA531-B22A-4DBA-B2E2-1E65F6CC919D}"
EndProject
Project("{E53339B2-1760-4266-BCC7-CA923CBCF16C}") = "docker-compose", "docker-compose.dcproj", "{6E960BEA-B3DC-46FB-AB74-FEE6E46CDE75}"
EndProject
Global
	GlobalSection(SolutionConfigurationPlatforms) = preSolution
		Debug|Any CPU = Debug|Any CPU
		Release|Any CPU = Release|Any CPU
	EndGlobalSection
	GlobalSection(ProjectConfigurationPlatforms) = postSolution
		{9DABA531-B22A-4DBA-B2E2-1E65F6CC919D}.Debug|Any CPU.ActiveCfg = Debug|Any CPU
		{9DABA531-B22A-4DBA-B2E2-1E65F6CC919D}.Debug|Any CPU.Build.0 = Debug|Any CPU
		{9DABA531-B22A-4DBA-B2E2-1E65F6CC919D}.Release|Any CPU.ActiveCfg = Release|Any CPU
		{9DABA531-B22A-4DBA-B2E2-1E65F6CC919D}.Release|Any CPU.Build.0 = Release|Any CPU
		{6E960BEA-B3DC-46FB-AB74-FEE6E46CDE75}.Debug|Any CPU.ActiveCfg = Debug|Any CPU
		{6E960BEA-B3DC-46FB-AB74-FEE6E46CDE75}.Debug|Any CPU.Build.0 = Debug|Any CPU
		{6E960BEA-B3DC-46FB-AB74-FEE6E46CDE75}.Release|Any CPU.ActiveCfg = Release|Any CPU
		{6E960BEA-B3DC-46FB-AB74-FEE6E46CDE75}.Release|Any CPU.Build.0 = Release|Any CPU
	EndGlobalSection
	GlobalSection(SolutionProperties) = preSolution
		HideSolutionNode = FALSE
	EndGlobalSection
	GlobalSection(ExtensibilityGlobals) = postSolution
		SolutionGuid = {D1E0874C-1416-46FB-9722-236E73F0984B}
	EndGlobalSection
EndGlobal
